<?xml version="1.0" encoding="utf-8"?>
<Project ToolsVersion="4.0" xmlns="http://schemas.microsoft.com/developer/msbuild/2003">
  <ItemGroup>
    <Filter Include="PreCompile">
      <UniqueIdentifier>{4dec3e23-b8d5-488c-ac8e-9bfaf6dadd73}</UniqueIdentifier>
    </Filter>
    <Filter Include="List">
      <UniqueIdentifier>{d689350e-b020-402f-b876-fd98f1e21bad}</UniqueIdentifier>
    </Filter>
  </ItemGroup>
  <ItemGroup>
    <ClInclude Include="PreCompile.h">
      <Filter>PreCompile</Filter>
    </ClInclude>
    <ClInclude Include="List.h">
      <Filter>List</Filter>
    </ClInclude>
  </ItemGroup>
  <ItemGroup>
    <ClCompile Include="PreCompile.cpp">
      <Filter>PreCompile</Filter>
    </ClCompile>
    <ClCompile Include="List.cpp">
      <Filter>List</Filter>
    </ClCompile>
  </ItemGroup>
</Project>